
Microsoft Visual Studio Solution File, Format Version 12.00
# Visual Studio Version 16
VisualStudioVersion = 16.0.29728.190
MinimumVisualStudioVersion = 10.0.40219.1
Project("{FAE04EC0-301F-11D3-BF4B-00C04F79EFBC}") = "VO.DVDCentral.WFUI", "VO.DVDCentral.WFUI\VO.DVDCentral.WFUI.csproj", "{3B473160-9B53-40E3-90C0-EF2DCD7691CB}"
EndProject
Project("{00D1A9C2-B5F0-4AF3-8072-F6C62B433612}") = "VO.DVDCentral.DB", "VO.DVDCentral.DB\VO.DVDCentral.DB.sqlproj", "{9FF1AA4D-DE8F-40E5-9C11-5AE2BE06E280}"
EndProject
Project("{FAE04EC0-301F-11D3-BF4B-00C04F79EFBC}") = "VO.DVDCentral.BL", "VO.DVDCentral.BL\VO.DVDCentral.BL.csproj", "{162BFD7D-640D-4EE3-B25C-E23DA7DF606E}"
EndProject
Project("{FAE04EC0-301F-11D3-BF4B-00C04F79EFBC}") = "VO.DVDCentral.BL.Models", "VO.DVDCentral.BL.Models\VO.DVDCentral.BL.Models.csproj", "{AD9A8FBE-D5D8-4CA8-8AA1-F1CE6B6F7D44}"
EndProject
Project("{FAE04EC0-301F-11D3-BF4B-00C04F79EFBC}") = "VO.DVDCentral.PL", "VO.DVDCentral.PL\VO.DVDCentral.PL.csproj", "{3D60453D-DA1A-40E4-9163-EEA8955DD053}"
EndProject
Project("{FAE04EC0-301F-11D3-BF4B-00C04F79EFBC}") = "VO.DVDCentral.PL.Test", "VO.DVDCentral.PL.Test\VO.DVDCentral.PL.Test.csproj", "{D040080B-B7D2-4AEB-889A-6E6DC6812A2C}"
EndProject
Project("{FAE04EC0-301F-11D3-BF4B-00C04F79EFBC}") = "VO.DVDCentral.BL.Test", "VO.DVDCentral.BL.Test\VO.DVDCentral.BL.Test.csproj", "{2C3E2163-A352-40EA-A6F8-3D70969D3B88}"
EndProject
Project("{FAE04EC0-301F-11D3-BF4B-00C04F79EFBC}") = "VO.DVDCentral.MVCUI", "VO.DVDCentral.MVCUI\VO.DVDCentral.MVCUI.csproj", "{88D04447-8EA5-4D78-99E5-13E65BC27703}"
EndProject
Global
	GlobalSection(SolutionConfigurationPlatforms) = preSolution
		Debug|Any CPU = Debug|Any CPU
		Release|Any CPU = Release|Any CPU
	EndGlobalSection
	GlobalSection(ProjectConfigurationPlatforms) = postSolution
		{3B473160-9B53-40E3-90C0-EF2DCD7691CB}.Debug|Any CPU.ActiveCfg = Debug|Any CPU
		{3B473160-9B53-40E3-90C0-EF2DCD7691CB}.Debug|Any CPU.Build.0 = Debug|Any CPU
		{3B473160-9B53-40E3-90C0-EF2DCD7691CB}.Release|Any CPU.ActiveCfg = Release|Any CPU
		{3B473160-9B53-40E3-90C0-EF2DCD7691CB}.Release|Any CPU.Build.0 = Release|Any CPU
		{9FF1AA4D-DE8F-40E5-9C11-5AE2BE06E280}.Debug|Any CPU.ActiveCfg = Debug|Any CPU
		{9FF1AA4D-DE8F-40E5-9C11-5AE2BE06E280}.Debug|Any CPU.Build.0 = Debug|Any CPU
		{9FF1AA4D-DE8F-40E5-9C11-5AE2BE06E280}.Debug|Any CPU.Deploy.0 = Debug|Any CPU
		{9FF1AA4D-DE8F-40E5-9C11-5AE2BE06E280}.Release|Any CPU.ActiveCfg = Release|Any CPU
		{9FF1AA4D-DE8F-40E5-9C11-5AE2BE06E280}.Release|Any CPU.Build.0 = Release|Any CPU
		{9FF1AA4D-DE8F-40E5-9C11-5AE2BE06E280}.Release|Any CPU.Deploy.0 = Release|Any CPU
		{162BFD7D-640D-4EE3-B25C-E23DA7DF606E}.Debug|Any CPU.ActiveCfg = Debug|Any CPU
		{162BFD7D-640D-4EE3-B25C-E23DA7DF606E}.Debug|Any CPU.Build.0 = Debug|Any CPU
		{162BFD7D-640D-4EE3-B25C-E23DA7DF606E}.Release|Any CPU.ActiveCfg = Release|Any CPU
		{162BFD7D-640D-4EE3-B25C-E23DA7DF606E}.Release|Any CPU.Build.0 = Release|Any CPU
		{AD9A8FBE-D5D8-4CA8-8AA1-F1CE6B6F7D44}.Debug|Any CPU.ActiveCfg = Debug|Any CPU
		{AD9A8FBE-D5D8-4CA8-8AA1-F1CE6B6F7D44}.Debug|Any CPU.Build.0 = Debug|Any CPU
		{AD9A8FBE-D5D8-4CA8-8AA1-F1CE6B6F7D44}.Release|Any CPU.ActiveCfg = Release|Any CPU
		{AD9A8FBE-D5D8-4CA8-8AA1-F1CE6B6F7D44}.Release|Any CPU.Build.0 = Release|Any CPU
		{3D60453D-DA1A-40E4-9163-EEA8955DD053}.Debug|Any CPU.ActiveCfg = Debug|Any CPU
		{3D60453D-DA1A-40E4-9163-EEA8955DD053}.Debug|Any CPU.Build.0 = Debug|Any CPU
		{3D60453D-DA1A-40E4-9163-EEA8955DD053}.Release|Any CPU.ActiveCfg = Release|Any CPU
		{3D60453D-DA1A-40E4-9163-EEA8955DD053}.Release|Any CPU.Build.0 = Release|Any CPU
		{D040080B-B7D2-4AEB-889A-6E6DC6812A2C}.Debug|Any CPU.ActiveCfg = Debug|Any CPU
		{D040080B-B7D2-4AEB-889A-6E6DC6812A2C}.Debug|Any CPU.Build.0 = Debug|Any CPU
		{D040080B-B7D2-4AEB-889A-6E6DC6812A2C}.Release|Any CPU.ActiveCfg = Release|Any CPU
		{D040080B-B7D2-4AEB-889A-6E6DC6812A2C}.Release|Any CPU.Build.0 = Release|Any CPU
		{2C3E2163-A352-40EA-A6F8-3D70969D3B88}.Debug|Any CPU.ActiveCfg = Debug|Any CPU
		{2C3E2163-A352-40EA-A6F8-3D70969D3B88}.Debug|Any CPU.Build.0 = Debug|Any CPU
		{2C3E2163-A352-40EA-A6F8-3D70969D3B88}.Release|Any CPU.ActiveCfg = Release|Any CPU
		{2C3E2163-A352-40EA-A6F8-3D70969D3B88}.Release|Any CPU.Build.0 = Release|Any CPU
		{88D04447-8EA5-4D78-99E5-13E65BC27703}.Debug|Any CPU.ActiveCfg = Debug|Any CPU
		{88D04447-8EA5-4D78-99E5-13E65BC27703}.Debug|Any CPU.Build.0 = Debug|Any CPU
		{88D04447-8EA5-4D78-99E5-13E65BC27703}.Release|Any CPU.ActiveCfg = Release|Any CPU
		{88D04447-8EA5-4D78-99E5-13E65BC27703}.Release|Any CPU.Build.0 = Release|Any CPU
	EndGlobalSection
	GlobalSection(SolutionProperties) = preSolution
		HideSolutionNode = FALSE
	EndGlobalSection
	GlobalSection(ExtensibilityGlobals) = postSolution
		SolutionGuid = {72A1D961-5FD4-47CD-A046-63DF8371AC4B}
	EndGlobalSection
EndGlobal
