
Microsoft Visual Studio Solution File, Format Version 12.00
# Visual Studio 15
VisualStudioVersion = 15.0.28307.779
MinimumVisualStudioVersion = 10.0.40219.1
Project("{FAE04EC0-301F-11D3-BF4B-00C04F79EFBC}") = "VO.DVDCentral.WFUI", "VO.DVDCentral.WFUI\VO.DVDCentral.WFUI.csproj", "{3B473160-9B53-40E3-90C0-EF2DCD7691CB}"
EndProject
Project("{00D1A9C2-B5F0-4AF3-8072-F6C62B433612}") = "VO.DVDCentral.DB", "VO.DVDCentral.DB\VO.DVDCentral.DB.sqlproj", "{9FF1AA4D-DE8F-40E5-9C11-5AE2BE06E280}"
EndProject
Global
	GlobalSection(SolutionConfigurationPlatforms) = preSolution
		Debug|Any CPU = Debug|Any CPU
		Release|Any CPU = Release|Any CPU
	EndGlobalSection
	GlobalSection(ProjectConfigurationPlatforms) = postSolution
		{3B473160-9B53-40E3-90C0-EF2DCD7691CB}.Debug|Any CPU.ActiveCfg = Debug|Any CPU
		{3B473160-9B53-40E3-90C0-EF2DCD7691CB}.Debug|Any CPU.Build.0 = Debug|Any CPU
		{3B473160-9B53-40E3-90C0-EF2DCD7691CB}.Release|Any CPU.ActiveCfg = Release|Any CPU
		{3B473160-9B53-40E3-90C0-EF2DCD7691CB}.Release|Any CPU.Build.0 = Release|Any CPU
		{9FF1AA4D-DE8F-40E5-9C11-5AE2BE06E280}.Debug|Any CPU.ActiveCfg = Debug|Any CPU
		{9FF1AA4D-DE8F-40E5-9C11-5AE2BE06E280}.Debug|Any CPU.Build.0 = Debug|Any CPU
		{9FF1AA4D-DE8F-40E5-9C11-5AE2BE06E280}.Debug|Any CPU.Deploy.0 = Debug|Any CPU
		{9FF1AA4D-DE8F-40E5-9C11-5AE2BE06E280}.Release|Any CPU.ActiveCfg = Release|Any CPU
		{9FF1AA4D-DE8F-40E5-9C11-5AE2BE06E280}.Release|Any CPU.Build.0 = Release|Any CPU
		{9FF1AA4D-DE8F-40E5-9C11-5AE2BE06E280}.Release|Any CPU.Deploy.0 = Release|Any CPU
	EndGlobalSection
	GlobalSection(SolutionProperties) = preSolution
		HideSolutionNode = FALSE
	EndGlobalSection
	GlobalSection(ExtensibilityGlobals) = postSolution
		SolutionGuid = {72A1D961-5FD4-47CD-A046-63DF8371AC4B}
	EndGlobalSection
EndGlobal
